{
  "object": {
    "pins": [
      {
        "package": "FLAnimatedImage",
        "repositoryURL": "https://github.com/Flipboard/FLAnimatedImage",
        "state": {
          "branch": "master",
          "revision": "3d8732d8ce472024ed703f4829950a3279799e38",
          "version": null
        }
      },
      {
        "package": "Nuke",
        "repositoryURL": "https://github.com/kean/Nuke.git",
        "state": {
          "branch": null,
          "revision": "5a8d11b4b8fd631f2937d2e41910ae329aed31b7",
          "version": "10.0.0"
        }
      }
    ]
  },
  "version": 1
}
